
Microsoft Visual Studio Solution File, Format Version 12.00
# Visual Studio Version 17
VisualStudioVersion = 17.7.34024.191
MinimumVisualStudioVersion = 10.0.40219.1
Project("{8BC9CEB8-8B4A-11D0-8D11-00A0C91BC942}") = "day_6_part1", "Aoc\Aoc.vcxproj", "{8B3BF806-91A1-4DC5-8953-9F52C7724812}"
EndProject
Project("{8BC9CEB8-8B4A-11D0-8D11-00A0C91BC942}") = "day_6_part2", "day_6_part2\day_6_part2.vcxproj", "{50D4871E-F20D-446A-8360-EB4E99BE47B5}"
EndProject
Global
	GlobalSection(SolutionConfigurationPlatforms) = preSolution
		Debug|x64 = Debug|x64
		Debug|x86 = Debug|x86
		Release|x64 = Release|x64
		Release|x86 = Release|x86
	EndGlobalSection
	GlobalSection(ProjectConfigurationPlatforms) = postSolution
		{8B3BF806-91A1-4DC5-8953-9F52C7724812}.Debug|x64.ActiveCfg = Debug|x64
		{8B3BF806-91A1-4DC5-8953-9F52C7724812}.Debug|x64.Build.0 = Debug|x64
		{8B3BF806-91A1-4DC5-8953-9F52C7724812}.Debug|x86.ActiveCfg = Debug|Win32
		{8B3BF806-91A1-4DC5-8953-9F52C7724812}.Debug|x86.Build.0 = Debug|Win32
		{8B3BF806-91A1-4DC5-8953-9F52C7724812}.Release|x64.ActiveCfg = Release|x64
		{8B3BF806-91A1-4DC5-8953-9F52C7724812}.Release|x64.Build.0 = Release|x64
		{8B3BF806-91A1-4DC5-8953-9F52C7724812}.Release|x86.ActiveCfg = Release|Win32
		{8B3BF806-91A1-4DC5-8953-9F52C7724812}.Release|x86.Build.0 = Release|Win32
		{50D4871E-F20D-446A-8360-EB4E99BE47B5}.Debug|x64.ActiveCfg = Debug|x64
		{50D4871E-F20D-446A-8360-EB4E99BE47B5}.Debug|x64.Build.0 = Debug|x64
		{50D4871E-F20D-446A-8360-EB4E99BE47B5}.Debug|x86.ActiveCfg = Debug|Win32
		{50D4871E-F20D-446A-8360-EB4E99BE47B5}.Debug|x86.Build.0 = Debug|Win32
		{50D4871E-F20D-446A-8360-EB4E99BE47B5}.Release|x64.ActiveCfg = Release|x64
		{50D4871E-F20D-446A-8360-EB4E99BE47B5}.Release|x64.Build.0 = Release|x64
		{50D4871E-F20D-446A-8360-EB4E99BE47B5}.Release|x86.ActiveCfg = Release|Win32
		{50D4871E-F20D-446A-8360-EB4E99BE47B5}.Release|x86.Build.0 = Release|Win32
	EndGlobalSection
	GlobalSection(SolutionProperties) = preSolution
		HideSolutionNode = FALSE
	EndGlobalSection
	GlobalSection(ExtensibilityGlobals) = postSolution
		SolutionGuid = {4A3655ED-5796-488A-BB0D-CCD6D437474F}
	EndGlobalSection
EndGlobal
